
Microsoft Visual Studio Solution File, Format Version 12.00
# Visual Studio 14
VisualStudioVersion = 14.0.25420.1
MinimumVisualStudioVersion = 10.0.40219.1
Project("{FAE04EC0-301F-11D3-BF4B-00C04F79EFBC}") = "WorkHours", "WorkHours\WorkHours.csproj", "{4553CF77-E53B-4291-8E24-168DA524A1EF}"
EndProject
Project("{FAE04EC0-301F-11D3-BF4B-00C04F79EFBC}") = "HotelRoom", "HotelRoom\HotelRoom.csproj", "{9BCDB6D7-A280-4D25-BDE0-6CCDA0C366BB}"
EndProject
Global
	GlobalSection(SolutionConfigurationPlatforms) = preSolution
		Debug|Any CPU = Debug|Any CPU
		Release|Any CPU = Release|Any CPU
	EndGlobalSection
	GlobalSection(ProjectConfigurationPlatforms) = postSolution
		{4553CF77-E53B-4291-8E24-168DA524A1EF}.Debug|Any CPU.ActiveCfg = Debug|Any CPU
		{4553CF77-E53B-4291-8E24-168DA524A1EF}.Debug|Any CPU.Build.0 = Debug|Any CPU
		{4553CF77-E53B-4291-8E24-168DA524A1EF}.Release|Any CPU.ActiveCfg = Release|Any CPU
		{4553CF77-E53B-4291-8E24-168DA524A1EF}.Release|Any CPU.Build.0 = Release|Any CPU
		{9BCDB6D7-A280-4D25-BDE0-6CCDA0C366BB}.Debug|Any CPU.ActiveCfg = Debug|Any CPU
		{9BCDB6D7-A280-4D25-BDE0-6CCDA0C366BB}.Debug|Any CPU.Build.0 = Debug|Any CPU
		{9BCDB6D7-A280-4D25-BDE0-6CCDA0C366BB}.Release|Any CPU.ActiveCfg = Release|Any CPU
		{9BCDB6D7-A280-4D25-BDE0-6CCDA0C366BB}.Release|Any CPU.Build.0 = Release|Any CPU
	EndGlobalSection
	GlobalSection(SolutionProperties) = preSolution
		HideSolutionNode = FALSE
	EndGlobalSection
EndGlobal
